
Microsoft Visual Studio Solution File, Format Version 12.00
Project("{FAE04EC0-301F-11D3-BF4B-00C04F79EFBC}") = "RhythmFight", "RhythmFight\RhythmFight.csproj", "{272D5C96-28D6-46DC-A629-D3269B4D299E}"
EndProject
Global
	GlobalSection(SolutionConfigurationPlatforms) = preSolution
		Debug|Any CPU = Debug|Any CPU
		Release|Any CPU = Release|Any CPU
	EndGlobalSection
	GlobalSection(ProjectConfigurationPlatforms) = postSolution
		{272D5C96-28D6-46DC-A629-D3269B4D299E}.Debug|Any CPU.ActiveCfg = Debug|Any CPU
		{272D5C96-28D6-46DC-A629-D3269B4D299E}.Debug|Any CPU.Build.0 = Debug|Any CPU
		{272D5C96-28D6-46DC-A629-D3269B4D299E}.Release|Any CPU.ActiveCfg = Release|Any CPU
		{272D5C96-28D6-46DC-A629-D3269B4D299E}.Release|Any CPU.Build.0 = Release|Any CPU
	EndGlobalSection
EndGlobal
